
Microsoft Visual Studio Solution File, Format Version 12.00
# Visual Studio Version 17
VisualStudioVersion = 17.14.36301.6 d17.14
MinimumVisualStudioVersion = 10.0.40219.1
Project("{FAE04EC0-301F-11D3-BF4B-00C04F79EFBC}") = "591RentPractice", "591RentPractice\591RentPractice.csproj", "{11F9A27A-49AF-40E9-85D4-0DB693DC2595}"
EndProject
Global
	GlobalSection(SolutionConfigurationPlatforms) = preSolution
		Debug|Any CPU = Debug|Any CPU
		Release|Any CPU = Release|Any CPU
	EndGlobalSection
	GlobalSection(ProjectConfigurationPlatforms) = postSolution
		{11F9A27A-49AF-40E9-85D4-0DB693DC2595}.Debug|Any CPU.ActiveCfg = Debug|Any CPU
		{11F9A27A-49AF-40E9-85D4-0DB693DC2595}.Debug|Any CPU.Build.0 = Debug|Any CPU
		{11F9A27A-49AF-40E9-85D4-0DB693DC2595}.Release|Any CPU.ActiveCfg = Release|Any CPU
		{11F9A27A-49AF-40E9-85D4-0DB693DC2595}.Release|Any CPU.Build.0 = Release|Any CPU
	EndGlobalSection
	GlobalSection(SolutionProperties) = preSolution
		HideSolutionNode = FALSE
	EndGlobalSection
	GlobalSection(ExtensibilityGlobals) = postSolution
		SolutionGuid = {39400B5C-329A-4939-B2E8-5090B47153E9}
	EndGlobalSection
EndGlobal
